
Microsoft Visual Studio Solution File, Format Version 12.00
# Visual Studio Version 17
VisualStudioVersion = 17.4.33213.308
MinimumVisualStudioVersion = 10.0.40219.1
Project("{FAE04EC0-301F-11D3-BF4B-00C04F79EFBC}") = "SampleWebAPI", "SampleWebAPI\SampleWebAPI.csproj", "{AA1B4359-7CFF-4315-AFB0-9DCA68F58A19}"
EndProject
Global
	GlobalSection(SolutionConfigurationPlatforms) = preSolution
		Debug|Any CPU = Debug|Any CPU
		Release|Any CPU = Release|Any CPU
	EndGlobalSection
	GlobalSection(ProjectConfigurationPlatforms) = postSolution
		{AA1B4359-7CFF-4315-AFB0-9DCA68F58A19}.Debug|Any CPU.ActiveCfg = Debug|Any CPU
		{AA1B4359-7CFF-4315-AFB0-9DCA68F58A19}.Debug|Any CPU.Build.0 = Debug|Any CPU
		{AA1B4359-7CFF-4315-AFB0-9DCA68F58A19}.Release|Any CPU.ActiveCfg = Release|Any CPU
		{AA1B4359-7CFF-4315-AFB0-9DCA68F58A19}.Release|Any CPU.Build.0 = Release|Any CPU
	EndGlobalSection
	GlobalSection(SolutionProperties) = preSolution
		HideSolutionNode = FALSE
	EndGlobalSection
	GlobalSection(ExtensibilityGlobals) = postSolution
		SolutionGuid = {48D1D7A1-B52D-4067-B344-FD11EF5F412C}
	EndGlobalSection
EndGlobal
